
Microsoft Visual Studio Solution File, Format Version 12.00
# Visual Studio 15
VisualStudioVersion = 15.0.28010.2036
MinimumVisualStudioVersion = 10.0.40219.1
Project("{FAE04EC0-301F-11D3-BF4B-00C04F79EFBC}") = "MBR", "MBR\MBR.csproj", "{319F8F20-1D18-4CAF-A7A6-7393974820E8}"
EndProject
Global
	GlobalSection(SolutionConfigurationPlatforms) = preSolution
		Debug|Any CPU = Debug|Any CPU
		Release|Any CPU = Release|Any CPU
	EndGlobalSection
	GlobalSection(ProjectConfigurationPlatforms) = postSolution
		{319F8F20-1D18-4CAF-A7A6-7393974820E8}.Debug|Any CPU.ActiveCfg = Debug|Any CPU
		{319F8F20-1D18-4CAF-A7A6-7393974820E8}.Debug|Any CPU.Build.0 = Debug|Any CPU
		{319F8F20-1D18-4CAF-A7A6-7393974820E8}.Release|Any CPU.ActiveCfg = Release|Any CPU
		{319F8F20-1D18-4CAF-A7A6-7393974820E8}.Release|Any CPU.Build.0 = Release|Any CPU
	EndGlobalSection
	GlobalSection(SolutionProperties) = preSolution
		HideSolutionNode = FALSE
	EndGlobalSection
	GlobalSection(ExtensibilityGlobals) = postSolution
		SolutionGuid = {D461BCF3-0F8B-4263-80C4-3C1383BDDC5C}
	EndGlobalSection
EndGlobal
